// !$*UTF8*$!
{
	archiveVersion = 1;
	classes = {
	};
	objectVersion = 46;
	objects = {

/* Begin PBXBuildFile section */
		64B671E9175CAB85009B8E30 /* UIKit.framework in Frameworks */ = {isa = PBXBuildFile; fileRef = 64B671E8175CAB85009B8E30 /* UIKit.framework */; };
		64B671EB175CAB85009B8E30 /* Foundation.framework in Frameworks */ = {isa = PBXBuildFile; fileRef = 64B671EA175CAB85009B8E30 /* Foundation.framework */; };
		64B671ED175CAB85009B8E30 /* CoreGraphics.framework in Frameworks */ = {isa = PBXBuildFile; fileRef = 64B671EC175CAB85009B8E30 /* CoreGraphics.framework */; };
		64B671F3175CAB85009B8E30 /* InfoPlist.strings in Resources */ = {isa = PBXBuildFile; fileRef = 64B671F1175CAB85009B8E30 /* InfoPlist.strings */; };
		64B671F5175CAB85009B8E30 /* main.m in Sources */ = {isa = PBXBuildFile; fileRef = 64B671F4175CAB85009B8E30 /* main.m */; };
		64B671F9175CAB85009B8E30 /* AppDelegate.m in Sources */ = {isa = PBXBuildFile; fileRef = 64B671F8175CAB85009B8E30 /* AppDelegate.m */; };
		64B671FB175CAB85009B8E30 /* Default.png in Resources */ = {isa = PBXBuildFile; fileRef = 64B671FA175CAB85009B8E30 /* Default.png */; };
		64B671FD175CAB85009B8E30 /* Default@2x.png in Resources */ = {isa = PBXBuildFile; fileRef = 64B671FC175CAB85009B8E30 /* Default@2x.png */; };
		64B671FF175CAB85009B8E30 /* Default-568h@2x.png in Resources */ = {isa = PBXBuildFile; fileRef = 64B671FE175CAB85009B8E30 /* Default-568h@2x.png */; };
		64B67202175CAB85009B8E30 /* ViewController.m in Sources */ = {isa = PBXBuildFile; fileRef = 64B67201175CAB85009B8E30 /* ViewController.m */; };
		64B67205175CAB85009B8E30 /* ViewController.xib in Resources */ = {isa = PBXBuildFile; fileRef = 64B67203175CAB85009B8E30 /* ViewController.xib */; };
		64B6721C175CB45A009B8E30 /* PHOperation.m in Sources */ = {isa = PBXBuildFile; fileRef = 64B6720F175CB45A009B8E30 /* PHOperation.m */; };
		64B6721D175CB45A009B8E30 /* PHImageCacheManager.m in Sources */ = {isa = PBXBuildFile; fileRef = 64B67212175CB45A009B8E30 /* PHImageCacheManager.m */; };
		64B6721E175CB45A009B8E30 /* PHImageCacheParams.m in Sources */ = {isa = PBXBuildFile; fileRef = 64B67214175CB45A009B8E30 /* PHImageCacheParams.m */; };
		64B6721F175CB45A009B8E30 /* PHImageOperation.m in Sources */ = {isa = PBXBuildFile; fileRef = 64B67216175CB45A009B8E30 /* PHImageOperation.m */; };
		64B67220175CB45A009B8E30 /* PHImageView.m in Sources */ = {isa = PBXBuildFile; fileRef = 64B67218175CB45A009B8E30 /* PHImageView.m */; };
		64B67221175CB45A009B8E30 /* PHPhotoObject.m in Sources */ = {isa = PBXBuildFile; fileRef = 64B6721B175CB45A009B8E30 /* PHPhotoObject.m */; };
		64B67224175CB562009B8E30 /* UIApplication+ProjectHelpers.m in Sources */ = {isa = PBXBuildFile; fileRef = 64B67223175CB562009B8E30 /* UIApplication+ProjectHelpers.m */; };
		64B67227175CB574009B8E30 /* NSString+ProjectHelpers.m in Sources */ = {isa = PBXBuildFile; fileRef = 64B67226175CB574009B8E30 /* NSString+ProjectHelpers.m */; };
/* End PBXBuildFile section */

/* Begin PBXFileReference section */
		64B671E5175CAB85009B8E30 /* PHImageView Example.app */ = {isa = PBXFileReference; explicitFileType = wrapper.application; includeInIndex = 0; path = "PHImageView Example.app"; sourceTree = BUILT_PRODUCTS_DIR; };
		64B671E8175CAB85009B8E30 /* UIKit.framework */ = {isa = PBXFileReference; lastKnownFileType = wrapper.framework; name = UIKit.framework; path = System/Library/Frameworks/UIKit.framework; sourceTree = SDKROOT; };
		64B671EA175CAB85009B8E30 /* Foundation.framework */ = {isa = PBXFileReference; lastKnownFileType = wrapper.framework; name = Foundation.framework; path = System/Library/Frameworks/Foundation.framework; sourceTree = SDKROOT; };
		64B671EC175CAB85009B8E30 /* CoreGraphics.framework */ = {isa = PBXFileReference; lastKnownFileType = wrapper.framework; name = CoreGraphics.framework; path = System/Library/Frameworks/CoreGraphics.framework; sourceTree = SDKROOT; };
		64B671F0175CAB85009B8E30 /* PHImageView Example-Info.plist */ = {isa = PBXFileReference; lastKnownFileType = text.plist.xml; path = "PHImageView Example-Info.plist"; sourceTree = "<group>"; };
		64B671F2175CAB85009B8E30 /* en */ = {isa = PBXFileReference; lastKnownFileType = text.plist.strings; name = en; path = en.lproj/InfoPlist.strings; sourceTree = "<group>"; };
		64B671F4175CAB85009B8E30 /* main.m */ = {isa = PBXFileReference; lastKnownFileType = sourcecode.c.objc; path = main.m; sourceTree = "<group>"; };
		64B671F6175CAB85009B8E30 /* PHImageView Example-Prefix.pch */ = {isa = PBXFileReference; lastKnownFileType = sourcecode.c.h; path = "PHImageView Example-Prefix.pch"; sourceTree = "<group>"; };
		64B671F7175CAB85009B8E30 /* AppDelegate.h */ = {isa = PBXFileReference; lastKnownFileType = sourcecode.c.h; path = AppDelegate.h; sourceTree = "<group>"; };
		64B671F8175CAB85009B8E30 /* AppDelegate.m */ = {isa = PBXFileReference; lastKnownFileType = sourcecode.c.objc; path = AppDelegate.m; sourceTree = "<group>"; };
		64B671FA175CAB85009B8E30 /* Default.png */ = {isa = PBXFileReference; lastKnownFileType = image.png; path = Default.png; sourceTree = "<group>"; };
		64B671FC175CAB85009B8E30 /* Default@2x.png */ = {isa = PBXFileReference; lastKnownFileType = image.png; path = "Default@2x.png"; sourceTree = "<group>"; };
		64B671FE175CAB85009B8E30 /* Default-568h@2x.png */ = {isa = PBXFileReference; lastKnownFileType = image.png; path = "Default-568h@2x.png"; sourceTree = "<group>"; };
		64B67200175CAB85009B8E30 /* ViewController.h */ = {isa = PBXFileReference; lastKnownFileType = sourcecode.c.h; path = ViewController.h; sourceTree = "<group>"; };
		64B67201175CAB85009B8E30 /* ViewController.m */ = {isa = PBXFileReference; lastKnownFileType = sourcecode.c.objc; path = ViewController.m; sourceTree = "<group>"; };
		64B67204175CAB85009B8E30 /* en */ = {isa = PBXFileReference; lastKnownFileType = file.xib; name = en; path = en.lproj/ViewController.xib; sourceTree = "<group>"; };
		64B6720E175CB45A009B8E30 /* PHOperation.h */ = {isa = PBXFileReference; fileEncoding = 4; lastKnownFileType = sourcecode.c.h; path = PHOperation.h; sourceTree = "<group>"; };
		64B6720F175CB45A009B8E30 /* PHOperation.m */ = {isa = PBXFileReference; fileEncoding = 4; lastKnownFileType = sourcecode.c.objc; path = PHOperation.m; sourceTree = "<group>"; };
		64B67210175CB45A009B8E30 /* ProjectHelpers-Defs.h */ = {isa = PBXFileReference; fileEncoding = 4; lastKnownFileType = sourcecode.c.h; path = "ProjectHelpers-Defs.h"; sourceTree = "<group>"; };
		64B67211175CB45A009B8E30 /* PHImageCacheManager.h */ = {isa = PBXFileReference; fileEncoding = 4; lastKnownFileType = sourcecode.c.h; path = PHImageCacheManager.h; sourceTree = "<group>"; };
		64B67212175CB45A009B8E30 /* PHImageCacheManager.m */ = {isa = PBXFileReference; fileEncoding = 4; lastKnownFileType = sourcecode.c.objc; path = PHImageCacheManager.m; sourceTree = "<group>"; };
		64B67213175CB45A009B8E30 /* PHImageCacheParams.h */ = {isa = PBXFileReference; fileEncoding = 4; lastKnownFileType = sourcecode.c.h; path = PHImageCacheParams.h; sourceTree = "<group>"; };
		64B67214175CB45A009B8E30 /* PHImageCacheParams.m */ = {isa = PBXFileReference; fileEncoding = 4; lastKnownFileType = sourcecode.c.objc; path = PHImageCacheParams.m; sourceTree = "<group>"; };
		64B67215175CB45A009B8E30 /* PHImageOperation.h */ = {isa = PBXFileReference; fileEncoding = 4; lastKnownFileType = sourcecode.c.h; path = PHImageOperation.h; sourceTree = "<group>"; };
		64B67216175CB45A009B8E30 /* PHImageOperation.m */ = {isa = PBXFileReference; fileEncoding = 4; lastKnownFileType = sourcecode.c.objc; path = PHImageOperation.m; sourceTree = "<group>"; };
		64B67217175CB45A009B8E30 /* PHImageView.h */ = {isa = PBXFileReference; fileEncoding = 4; lastKnownFileType = sourcecode.c.h; path = PHImageView.h; sourceTree = "<group>"; };
		64B67218175CB45A009B8E30 /* PHImageView.m */ = {isa = PBXFileReference; fileEncoding = 4; lastKnownFileType = sourcecode.c.objc; path = PHImageView.m; sourceTree = "<group>"; };
		64B67219175CB45A009B8E30 /* PHImageViewEnums.h */ = {isa = PBXFileReference; fileEncoding = 4; lastKnownFileType = sourcecode.c.h; path = PHImageViewEnums.h; sourceTree = "<group>"; };
		64B6721A175CB45A009B8E30 /* PHPhotoObject.h */ = {isa = PBXFileReference; fileEncoding = 4; lastKnownFileType = sourcecode.c.h; path = PHPhotoObject.h; sourceTree = "<group>"; };
		64B6721B175CB45A009B8E30 /* PHPhotoObject.m */ = {isa = PBXFileReference; fileEncoding = 4; lastKnownFileType = sourcecode.c.objc; path = PHPhotoObject.m; sourceTree = "<group>"; };
		64B67222175CB562009B8E30 /* UIApplication+ProjectHelpers.h */ = {isa = PBXFileReference; fileEncoding = 4; lastKnownFileType = sourcecode.c.h; path = "UIApplication+ProjectHelpers.h"; sourceTree = "<group>"; };
		64B67223175CB562009B8E30 /* UIApplication+ProjectHelpers.m */ = {isa = PBXFileReference; fileEncoding = 4; lastKnownFileType = sourcecode.c.objc; path = "UIApplication+ProjectHelpers.m"; sourceTree = "<group>"; };
		64B67225175CB574009B8E30 /* NSString+ProjectHelpers.h */ = {isa = PBXFileReference; fileEncoding = 4; lastKnownFileType = sourcecode.c.h; path = "NSString+ProjectHelpers.h"; sourceTree = "<group>"; };
		64B67226175CB574009B8E30 /* NSString+ProjectHelpers.m */ = {isa = PBXFileReference; fileEncoding = 4; lastKnownFileType = sourcecode.c.objc; path = "NSString+ProjectHelpers.m"; sourceTree = "<group>"; };
/* End PBXFileReference section */

/* Begin PBXFrameworksBuildPhase section */
		64B671E2175CAB85009B8E30 /* Frameworks */ = {
			isa = PBXFrameworksBuildPhase;
			buildActionMask = 2147483647;
			files = (
				64B671E9175CAB85009B8E30 /* UIKit.framework in Frameworks */,
				64B671EB175CAB85009B8E30 /* Foundation.framework in Frameworks */,
				64B671ED175CAB85009B8E30 /* CoreGraphics.framework in Frameworks */,
			);
			runOnlyForDeploymentPostprocessing = 0;
		};
/* End PBXFrameworksBuildPhase section */

/* Begin PBXGroup section */
		643656CA177045D200D83AB1 /* TableCell */ = {
			isa = PBXGroup;
			children = (
			);
			name = TableCell;
			sourceTree = "<group>";
		};
		64B671DC175CAB85009B8E30 = {
			isa = PBXGroup;
			children = (
				64B671EE175CAB85009B8E30 /* PHImageView Example */,
				64B671E7175CAB85009B8E30 /* Frameworks */,
				64B671E6175CAB85009B8E30 /* Products */,
			);
			sourceTree = "<group>";
		};
		64B671E6175CAB85009B8E30 /* Products */ = {
			isa = PBXGroup;
			children = (
				64B671E5175CAB85009B8E30 /* PHImageView Example.app */,
			);
			name = Products;
			sourceTree = "<group>";
		};
		64B671E7175CAB85009B8E30 /* Frameworks */ = {
			isa = PBXGroup;
			children = (
				64B671E8175CAB85009B8E30 /* UIKit.framework */,
				64B671EA175CAB85009B8E30 /* Foundation.framework */,
				64B671EC175CAB85009B8E30 /* CoreGraphics.framework */,
			);
			name = Frameworks;
			sourceTree = "<group>";
		};
		64B671EE175CAB85009B8E30 /* PHImageView Example */ = {
			isa = PBXGroup;
			children = (
				643656CA177045D200D83AB1 /* TableCell */,
				64B6720B175CB45A009B8E30 /* PHImageView */,
				64B671F7175CAB85009B8E30 /* AppDelegate.h */,
				64B671F8175CAB85009B8E30 /* AppDelegate.m */,
				64B67200175CAB85009B8E30 /* ViewController.h */,
				64B67201175CAB85009B8E30 /* ViewController.m */,
				64B67203175CAB85009B8E30 /* ViewController.xib */,
				64B671EF175CAB85009B8E30 /* Supporting Files */,
			);
			path = "PHImageView Example";
			sourceTree = "<group>";
		};
		64B671EF175CAB85009B8E30 /* Supporting Files */ = {
			isa = PBXGroup;
			children = (
				64B671F0175CAB85009B8E30 /* PHImageView Example-Info.plist */,
				64B671F1175CAB85009B8E30 /* InfoPlist.strings */,
				64B671F4175CAB85009B8E30 /* main.m */,
				64B671F6175CAB85009B8E30 /* PHImageView Example-Prefix.pch */,
				64B671FA175CAB85009B8E30 /* Default.png */,
				64B671FC175CAB85009B8E30 /* Default@2x.png */,
				64B671FE175CAB85009B8E30 /* Default-568h@2x.png */,
			);
			name = "Supporting Files";
			sourceTree = "<group>";
		};
		64B6720B175CB45A009B8E30 /* PHImageView */ = {
			isa = PBXGroup;
			children = (
				64B6720C175CB45A009B8E30 /* Libs */,
				64B67211175CB45A009B8E30 /* PHImageCacheManager.h */,
				64B67212175CB45A009B8E30 /* PHImageCacheManager.m */,
				64B67213175CB45A009B8E30 /* PHImageCacheParams.h */,
				64B67214175CB45A009B8E30 /* PHImageCacheParams.m */,
				64B67215175CB45A009B8E30 /* PHImageOperation.h */,
				64B67216175CB45A009B8E30 /* PHImageOperation.m */,
				64B67217175CB45A009B8E30 /* PHImageView.h */,
				64B67218175CB45A009B8E30 /* PHImageView.m */,
				64B67219175CB45A009B8E30 /* PHImageViewEnums.h */,
				64B6721A175CB45A009B8E30 /* PHPhotoObject.h */,
				64B6721B175CB45A009B8E30 /* PHPhotoObject.m */,
			);
			name = PHImageView;
			path = ../../PHImageView;
			sourceTree = "<group>";
		};
		64B6720C175CB45A009B8E30 /* Libs */ = {
			isa = PBXGroup;
			children = (
				64B6720D175CB45A009B8E30 /* PHOperation */,
				64B67210175CB45A009B8E30 /* ProjectHelpers-Defs.h */,
				64B67222175CB562009B8E30 /* UIApplication+ProjectHelpers.h */,
				64B67223175CB562009B8E30 /* UIApplication+ProjectHelpers.m */,
				64B67225175CB574009B8E30 /* NSString+ProjectHelpers.h */,
				64B67226175CB574009B8E30 /* NSString+ProjectHelpers.m */,
			);
			path = Libs;
			sourceTree = "<group>";
		};
		64B6720D175CB45A009B8E30 /* PHOperation */ = {
			isa = PBXGroup;
			children = (
				64B6720E175CB45A009B8E30 /* PHOperation.h */,
				64B6720F175CB45A009B8E30 /* PHOperation.m */,
			);
			path = PHOperation;
			sourceTree = "<group>";
		};
/* End PBXGroup section */

/* Begin PBXNativeTarget section */
		64B671E4175CAB85009B8E30 /* PHImageView Example */ = {
			isa = PBXNativeTarget;
			buildConfigurationList = 64B67208175CAB85009B8E30 /* Build configuration list for PBXNativeTarget "PHImageView Example" */;
			buildPhases = (
				64B671E1175CAB85009B8E30 /* Sources */,
				64B671E2175CAB85009B8E30 /* Frameworks */,
				64B671E3175CAB85009B8E30 /* Resources */,
			);
			buildRules = (
			);
			dependencies = (
			);
			name = "PHImageView Example";
			productName = "PHImageView Example";
			productReference = 64B671E5175CAB85009B8E30 /* PHImageView Example.app */;
			productType = "com.apple.product-type.application";
		};
/* End PBXNativeTarget section */

/* Begin PBXProject section */
		64B671DD175CAB85009B8E30 /* Project object */ = {
			isa = PBXProject;
			attributes = {
				LastUpgradeCheck = 0460;
				ORGANIZATIONNAME = "ITM House";
			};
			buildConfigurationList = 64B671E0175CAB85009B8E30 /* Build configuration list for PBXProject "PHImageView Example" */;
			compatibilityVersion = "Xcode 3.2";
			developmentRegion = English;
			hasScannedForEncodings = 0;
			knownRegions = (
				en,
			);
			mainGroup = 64B671DC175CAB85009B8E30;
			productRefGroup = 64B671E6175CAB85009B8E30 /* Products */;
			projectDirPath = "";
			projectRoot = "";
			targets = (
				64B671E4175CAB85009B8E30 /* PHImageView Example */,
			);
		};
/* End PBXProject section */

/* Begin PBXResourcesBuildPhase section */
		64B671E3175CAB85009B8E30 /* Resources */ = {
			isa = PBXResourcesBuildPhase;
			buildActionMask = 2147483647;
			files = (
				64B671F3175CAB85009B8E30 /* InfoPlist.strings in Resources */,
				64B671FB175CAB85009B8E30 /* Default.png in Resources */,
				64B671FD175CAB85009B8E30 /* Default@2x.png in Resources */,
				64B671FF175CAB85009B8E30 /* Default-568h@2x.png in Resources */,
				64B67205175CAB85009B8E30 /* ViewController.xib in Resources */,
			);
			runOnlyForDeploymentPostprocessing = 0;
		};
/* End PBXResourcesBuildPhase section */

/* Begin PBXSourcesBuildPhase section */
		64B671E1175CAB85009B8E30 /* Sources */ = {
			isa = PBXSourcesBuildPhase;
			buildActionMask = 2147483647;
			files = (
				64B671F5175CAB85009B8E30 /* main.m in Sources */,
				64B671F9175CAB85009B8E30 /* AppDelegate.m in Sources */,
				64B67202175CAB85009B8E30 /* ViewController.m in Sources */,
				64B6721C175CB45A009B8E30 /* PHOperation.m in Sources */,
				64B6721D175CB45A009B8E30 /* PHImageCacheManager.m in Sources */,
				64B6721E175CB45A009B8E30 /* PHImageCacheParams.m in Sources */,
				64B6721F175CB45A009B8E30 /* PHImageOperation.m in Sources */,
				64B67220175CB45A009B8E30 /* PHImageView.m in Sources */,
				64B67221175CB45A009B8E30 /* PHPhotoObject.m in Sources */,
				64B67224175CB562009B8E30 /* UIApplication+ProjectHelpers.m in Sources */,
				64B67227175CB574009B8E30 /* NSString+ProjectHelpers.m in Sources */,
			);
			runOnlyForDeploymentPostprocessing = 0;
		};
/* End PBXSourcesBuildPhase section */

/* Begin PBXVariantGroup section */
		64B671F1175CAB85009B8E30 /* InfoPlist.strings */ = {
			isa = PBXVariantGroup;
			children = (
				64B671F2175CAB85009B8E30 /* en */,
			);
			name = InfoPlist.strings;
			sourceTree = "<group>";
		};
		64B67203175CAB85009B8E30 /* ViewController.xib */ = {
			isa = PBXVariantGroup;
			children = (
				64B67204175CAB85009B8E30 /* en */,
			);
			name = ViewController.xib;
			sourceTree = "<group>";
		};
/* End PBXVariantGroup section */

/* Begin XCBuildConfiguration section */
		64B67206175CAB85009B8E30 /* Debug */ = {
			isa = XCBuildConfiguration;
			buildSettings = {
				ALWAYS_SEARCH_USER_PATHS = NO;
				CLANG_CXX_LANGUAGE_STANDARD = "gnu++0x";
				CLANG_CXX_LIBRARY = "libc++";
				CLANG_ENABLE_OBJC_ARC = YES;
				CLANG_WARN_CONSTANT_CONVERSION = YES;
				CLANG_WARN_EMPTY_BODY = YES;
				CLANG_WARN_ENUM_CONVERSION = YES;
				CLANG_WARN_INT_CONVERSION = YES;
				CLANG_WARN__DUPLICATE_METHOD_MATCH = YES;
				"CODE_SIGN_IDENTITY[sdk=iphoneos*]" = "iPhone Developer";
				COPY_PHASE_STRIP = NO;
				GCC_C_LANGUAGE_STANDARD = gnu99;
				GCC_DYNAMIC_NO_PIC = NO;
				GCC_OPTIMIZATION_LEVEL = 0;
				GCC_PREPROCESSOR_DEFINITIONS = (
					"DEBUG=1",
					"$(inherited)",
				);
				GCC_SYMBOLS_PRIVATE_EXTERN = NO;
				GCC_WARN_ABOUT_RETURN_TYPE = YES;
				GCC_WARN_UNINITIALIZED_AUTOS = YES;
				GCC_WARN_UNUSED_VARIABLE = YES;
				IPHONEOS_DEPLOYMENT_TARGET = 5.0;
				ONLY_ACTIVE_ARCH = YES;
				SDKROOT = iphoneos;
			};
			name = Debug;
		};
		64B67207175CAB85009B8E30 /* Release */ = {
			isa = XCBuildConfiguration;
			buildSettings = {
				ALWAYS_SEARCH_USER_PATHS = NO;
				CLANG_CXX_LANGUAGE_STANDARD = "gnu++0x";
				CLANG_CXX_LIBRARY = "libc++";
				CLANG_ENABLE_OBJC_ARC = YES;
				CLANG_WARN_CONSTANT_CONVERSION = YES;
				CLANG_WARN_EMPTY_BODY = YES;
				CLANG_WARN_ENUM_CONVERSION = YES;
				CLANG_WARN_INT_CONVERSION = YES;
				CLANG_WARN__DUPLICATE_METHOD_MATCH = YES;
				"CODE_SIGN_IDENTITY[sdk=iphoneos*]" = "iPhone Developer";
				COPY_PHASE_STRIP = YES;
				GCC_C_LANGUAGE_STANDARD = gnu99;
				GCC_WARN_ABOUT_RETURN_TYPE = YES;
				GCC_WARN_UNINITIALIZED_AUTOS = YES;
				GCC_WARN_UNUSED_VARIABLE = YES;
				IPHONEOS_DEPLOYMENT_TARGET = 5.0;
				OTHER_CFLAGS = "-DNS_BLOCK_ASSERTIONS=1";
				SDKROOT = iphoneos;
				VALIDATE_PRODUCT = YES;
			};
			name = Release;
		};
		64B67209175CAB85009B8E30 /* Debug */ = {
			isa = XCBuildConfiguration;
			buildSettings = {
				GCC_PRECOMPILE_PREFIX_HEADER = YES;
				GCC_PREFIX_HEADER = "PHImageView Example/PHImageView Example-Prefix.pch";
				INFOPLIST_FILE = "PHImageView Example/PHImageView Example-Info.plist";
				IPHONEOS_DEPLOYMENT_TARGET = 5.0;
				PRODUCT_NAME = "$(TARGET_NAME)";
				WRAPPER_EXTENSION = app;
			};
			name = Debug;
		};
		64B6720A175CAB85009B8E30 /* Release */ = {
			isa = XCBuildConfiguration;
			buildSettings = {
				GCC_PRECOMPILE_PREFIX_HEADER = YES;
				GCC_PREFIX_HEADER = "PHImageView Example/PHImageView Example-Prefix.pch";
				INFOPLIST_FILE = "PHImageView Example/PHImageView Example-Info.plist";
				IPHONEOS_DEPLOYMENT_TARGET = 5.0;
				PRODUCT_NAME = "$(TARGET_NAME)";
				WRAPPER_EXTENSION = app;
			};
			name = Release;
		};
/* End XCBuildConfiguration section */

/* Begin XCConfigurationList section */
		64B671E0175CAB85009B8E30 /* Build configuration list for PBXProject "PHImageView Example" */ = {
			isa = XCConfigurationList;
			buildConfigurations = (
				64B67206175CAB85009B8E30 /* Debug */,
				64B67207175CAB85009B8E30 /* Release */,
			);
			defaultConfigurationIsVisible = 0;
			defaultConfigurationName = Release;
		};
		64B67208175CAB85009B8E30 /* Build configuration list for PBXNativeTarget "PHImageView Example" */ = {
			isa = XCConfigurationList;
			buildConfigurations = (
				64B67209175CAB85009B8E30 /* Debug */,
				64B6720A175CAB85009B8E30 /* Release */,
			);
			defaultConfigurationIsVisible = 0;
			defaultConfigurationName = Release;
		};
/* End XCConfigurationList section */
	};
	rootObject = 64B671DD175CAB85009B8E30 /* Project object */;
}
